hash: 1e43821619646cc1a3b3a6badb047e6245c54e883575d141968de4bddd27b54d
updated: 2017-10-16T14:04:09.987566+02:00
imports:
- name: github.com/ahmdrz/goinsta
  version: 8fca50ce1165381e546a5180f553407029e1a816
  subpackages:
  - response
  - uuid
- name: github.com/buger/goterm
  version: d443b9114f9c050367638a536310fbec36a0de11
testImports: []
